
Microsoft Visual Studio Solution File, Format Version 12.00
# Visual Studio Version 17
VisualStudioVersion = 17.11.35222.181
MinimumVisualStudioVersion = 10.0.40219.1
Project("{FAE04EC0-301F-11D3-BF4B-00C04F79EFBC}") = "Calculadora-Alpha", "Calculadora-Alpha.csproj", "{6A3E3AB3-66DB-4812-ACD7-6B182100486A}"
EndProject
Global
	GlobalSection(SolutionConfigurationPlatforms) = preSolution
		Debug|Any CPU = Debug|Any CPU
		Release|Any CPU = Release|Any CPU
	EndGlobalSection
	GlobalSection(ProjectConfigurationPlatforms) = postSolution
		{6A3E3AB3-66DB-4812-ACD7-6B182100486A}.Debug|Any CPU.ActiveCfg = Debug|Any CPU
		{6A3E3AB3-66DB-4812-ACD7-6B182100486A}.Debug|Any CPU.Build.0 = Debug|Any CPU
		{6A3E3AB3-66DB-4812-ACD7-6B182100486A}.Release|Any CPU.ActiveCfg = Release|Any CPU
		{6A3E3AB3-66DB-4812-ACD7-6B182100486A}.Release|Any CPU.Build.0 = Release|Any CPU
	EndGlobalSection
	GlobalSection(SolutionProperties) = preSolution
		HideSolutionNode = FALSE
	EndGlobalSection
	GlobalSection(ExtensibilityGlobals) = postSolution
		SolutionGuid = {F43B7A27-3CFF-45DE-B925-FE276A65F7C0}
	EndGlobalSection
EndGlobal
